
Microsoft Visual Studio Solution File, Format Version 12.00
# Visual Studio Version 16
VisualStudioVersion = 16.0.29519.87
MinimumVisualStudioVersion = 10.0.40219.1
Project("{9A19103F-16F7-4668-BE54-9A1E7A4F7556}") = "Aplicacion", "Aplicacion\Aplicacion.csproj", "{82CC987B-9892-4320-B54B-AEA7B8656992}"
EndProject
Project("{9A19103F-16F7-4668-BE54-9A1E7A4F7556}") = "Dominio", "Dominio\Dominio.csproj", "{2EAE25BD-34F4-48D5-B267-4F61845D810D}"
EndProject
Project("{9A19103F-16F7-4668-BE54-9A1E7A4F7556}") = "Persistencia", "Persistencia\Persistencia.csproj", "{A41EE115-C0E1-4EEE-8B97-23361CFCA793}"
EndProject
Project("{9A19103F-16F7-4668-BE54-9A1E7A4F7556}") = "WebApi", "WebApi\WebApi.csproj", "{511C8616-1FAE-4CB7-8BD4-E7DA2D7394B2}"
EndProject
Project("{9A19103F-16F7-4668-BE54-9A1E7A4F7556}") = "Seguridad", "Seguridad\Seguridad.csproj", "{65B5CA22-55B1-4FB8-BEEF-7080410BE024}"
EndProject
Global
	GlobalSection(SolutionConfigurationPlatforms) = preSolution
		Debug|Any CPU = Debug|Any CPU
		Release|Any CPU = Release|Any CPU
	EndGlobalSection
	GlobalSection(ProjectConfigurationPlatforms) = postSolution
		{82CC987B-9892-4320-B54B-AEA7B8656992}.Debug|Any CPU.ActiveCfg = Debug|Any CPU
		{82CC987B-9892-4320-B54B-AEA7B8656992}.Debug|Any CPU.Build.0 = Debug|Any CPU
		{82CC987B-9892-4320-B54B-AEA7B8656992}.Release|Any CPU.ActiveCfg = Release|Any CPU
		{82CC987B-9892-4320-B54B-AEA7B8656992}.Release|Any CPU.Build.0 = Release|Any CPU
		{2EAE25BD-34F4-48D5-B267-4F61845D810D}.Debug|Any CPU.ActiveCfg = Debug|Any CPU
		{2EAE25BD-34F4-48D5-B267-4F61845D810D}.Debug|Any CPU.Build.0 = Debug|Any CPU
		{2EAE25BD-34F4-48D5-B267-4F61845D810D}.Release|Any CPU.ActiveCfg = Release|Any CPU
		{2EAE25BD-34F4-48D5-B267-4F61845D810D}.Release|Any CPU.Build.0 = Release|Any CPU
		{A41EE115-C0E1-4EEE-8B97-23361CFCA793}.Debug|Any CPU.ActiveCfg = Debug|Any CPU
		{A41EE115-C0E1-4EEE-8B97-23361CFCA793}.Debug|Any CPU.Build.0 = Debug|Any CPU
		{A41EE115-C0E1-4EEE-8B97-23361CFCA793}.Release|Any CPU.ActiveCfg = Release|Any CPU
		{A41EE115-C0E1-4EEE-8B97-23361CFCA793}.Release|Any CPU.Build.0 = Release|Any CPU
		{511C8616-1FAE-4CB7-8BD4-E7DA2D7394B2}.Debug|Any CPU.ActiveCfg = Debug|Any CPU
		{511C8616-1FAE-4CB7-8BD4-E7DA2D7394B2}.Debug|Any CPU.Build.0 = Debug|Any CPU
		{511C8616-1FAE-4CB7-8BD4-E7DA2D7394B2}.Release|Any CPU.ActiveCfg = Release|Any CPU
		{511C8616-1FAE-4CB7-8BD4-E7DA2D7394B2}.Release|Any CPU.Build.0 = Release|Any CPU
		{65B5CA22-55B1-4FB8-BEEF-7080410BE024}.Debug|Any CPU.ActiveCfg = Debug|Any CPU
		{65B5CA22-55B1-4FB8-BEEF-7080410BE024}.Debug|Any CPU.Build.0 = Debug|Any CPU
		{65B5CA22-55B1-4FB8-BEEF-7080410BE024}.Release|Any CPU.ActiveCfg = Release|Any CPU
		{65B5CA22-55B1-4FB8-BEEF-7080410BE024}.Release|Any CPU.Build.0 = Release|Any CPU
	EndGlobalSection
	GlobalSection(SolutionProperties) = preSolution
		HideSolutionNode = FALSE
	EndGlobalSection
	GlobalSection(ExtensibilityGlobals) = postSolution
		SolutionGuid = {2876EE59-B0F0-4516-8F65-00A9991F3BDB}
	EndGlobalSection
EndGlobal
